{
  "originHash" : "219635cbd2e5d1a34d107ba0b15c5159056282d112e447d2405f138c13ece425",
  "pins" : [
    {
      "identity" : "cameraview",
      "kind" : "remoteSourceControl",
      "location" : "https://github.com/Mijick/CameraView.git",
      "state" : {
        "branch" : "main",
        "revision" : "0ff7c42185546b13fb6d2c2f63e92fbf194ed98e"
      }
    },
    {
      "identity" : "timer",
      "kind" : "remoteSourceControl",
      "location" : "https://github.com/Mijick/Timer",
      "state" : {
        "revision" : "93fe777e0c7e693f388ce0ffeeec97b3dd812743",
        "version" : "1.0.2"
      }
    },
    {
      "identity" : "toastui",
      "kind" : "remoteSourceControl",
      "location" : "https://github.com/quanshousio/ToastUI.git",
      "state" : {
        "revision" : "146e2f52c132f681fbf798c8c9f0eb52f021f346",
        "version" : "4.0.0"
      }
    }
  ],
  "version" : 3
}
