// !$*UTF8*$!
{
	archiveVersion = 1;
	classes = {
	};
	objectVersion = 54;
	objects = {

/* Begin PBXBuildFile section */
		058557BB273AAA24004C7B11 /* Assets.xcassets in Resources */ = {isa = PBXBuildFile; fileRef = 058557BA273AAA24004C7B11 /* Assets.xcassets */; };
		058557D9273AAEEB004C7B11 /* Preview Assets.xcassets in Resources */ = {isa = PBXBuildFile; fileRef = 058557D8273AAEEB004C7B11 /* Preview Assets.xcassets */; };
		2152FB042600AC8F00CF470E /* iOSApp.swift in Sources */ = {isa = PBXBuildFile; fileRef = 2152FB032600AC8F00CF470E /* iOSApp.swift */; };
		8123FBB52C7120B0000A8761 /* NavigationRouteScreen.swift in Sources */ = {isa = PBXBuildFile; fileRef = 8123FBB42C7120B0000A8761 /* NavigationRouteScreen.swift */; };
		81263DC12C701C8300CE92D8 /* CustomViewportDataSource.swift in Sources */ = {isa = PBXBuildFile; fileRef = 81263DC02C701C8300CE92D8 /* CustomViewportDataSource.swift */; };
		81263DC42C70259F00CE92D8 /* NavigationViewController.swift in Sources */ = {isa = PBXBuildFile; fileRef = 81263DC32C70259F00CE92D8 /* NavigationViewController.swift */; };
		81263DC62C70262800CE92D8 /* CustoCameraStateTransition.swift in Sources */ = {isa = PBXBuildFile; fileRef = 81263DC52C70262800CE92D8 /* CustoCameraStateTransition.swift */; };
		81263DC92C7033A800CE92D8 /* UiColor.swift in Sources */ = {isa = PBXBuildFile; fileRef = 81263DC82C7033A800CE92D8 /* UiColor.swift */; };
		81263DCB2C7036AA00CE92D8 /* CustomStandardStyle.swift in Sources */ = {isa = PBXBuildFile; fileRef = 81263DCA2C7036AA00CE92D8 /* CustomStandardStyle.swift */; };
		81511B972C6A337500E67BF0 /* CustomAsyncImage.swift in Sources */ = {isa = PBXBuildFile; fileRef = 81511B962C6A337500E67BF0 /* CustomAsyncImage.swift */; };
		8153C8262C6E7CD900BDC64E /* NavigationMapController.swift in Sources */ = {isa = PBXBuildFile; fileRef = 8153C8252C6E7CD900BDC64E /* NavigationMapController.swift */; };
		8153C8292C6E8ECC00BDC64E /* MapboxNavigationCore in Frameworks */ = {isa = PBXBuildFile; productRef = 8153C8282C6E8ECC00BDC64E /* MapboxNavigationCore */; };
		8153C82B2C6E8ECC00BDC64E /* MapboxNavigationUIKit in Frameworks */ = {isa = PBXBuildFile; productRef = 8153C82A2C6E8ECC00BDC64E /* MapboxNavigationUIKit */; };
		8153C82D2C6E8ECC00BDC64E /* mapbox-directions-swift in Frameworks */ = {isa = PBXBuildFile; productRef = 8153C82C2C6E8ECC00BDC64E /* mapbox-directions-swift */; };
		815611D22C739A0300AFB1CE /* MaganagerTabEnvironment.swift in Sources */ = {isa = PBXBuildFile; fileRef = 815611D12C739A0300AFB1CE /* MaganagerTabEnvironment.swift */; };
		815FD5BE2C7E3EDB009B005E /* SingUpScreen.swift in Sources */ = {isa = PBXBuildFile; fileRef = 815FD5BD2C7E3EDB009B005E /* SingUpScreen.swift */; };
		815FD5C02C7E3EEC009B005E /* SingUpState.swift in Sources */ = {isa = PBXBuildFile; fileRef = 815FD5BF2C7E3EEC009B005E /* SingUpState.swift */; };
		816AE01C2C5D648D00ECF775 /* FontWithLineHeight.swift in Sources */ = {isa = PBXBuildFile; fileRef = 816AE01B2C5D648D00ECF775 /* FontWithLineHeight.swift */; };
		816AE01F2C5DAFF300ECF775 /* PinAnnotation.swift in Sources */ = {isa = PBXBuildFile; fileRef = 816AE01E2C5DAFF300ECF775 /* PinAnnotation.swift */; };
		816FD6502C5BC50300232E27 /* TabCustomView.swift in Sources */ = {isa = PBXBuildFile; fileRef = 816FD64F2C5BC50300232E27 /* TabCustomView.swift */; };
		816FD6532C5BC55C00232E27 /* StateNavigationTabView.swift in Sources */ = {isa = PBXBuildFile; fileRef = 816FD6522C5BC55C00232E27 /* StateNavigationTabView.swift */; };
		816FD6582C5BC7E100232E27 /* ProfileScreen.swift in Sources */ = {isa = PBXBuildFile; fileRef = 816FD6572C5BC7E100232E27 /* ProfileScreen.swift */; };
		816FD65A2C5BC7F300232E27 /* ResearchScreen.swift in Sources */ = {isa = PBXBuildFile; fileRef = 816FD6592C5BC7F300232E27 /* ResearchScreen.swift */; };
		816FD65C2C5BC7FC00232E27 /* NearbyInterestScreen.swift in Sources */ = {isa = PBXBuildFile; fileRef = 816FD65B2C5BC7FC00232E27 /* NearbyInterestScreen.swift */; };
		817EFC932C7B97B4005FC448 /* DetailsPlaceScreen.swift in Sources */ = {isa = PBXBuildFile; fileRef = 817EFC922C7B97B4005FC448 /* DetailsPlaceScreen.swift */; };
		817EFC962C7B9E27005FC448 /* InformationItem.swift in Sources */ = {isa = PBXBuildFile; fileRef = 817EFC952C7B9E27005FC448 /* InformationItem.swift */; };
		817EFC982C7BDAF0005FC448 /* ButtonBackTopAppBar.swift in Sources */ = {isa = PBXBuildFile; fileRef = 817EFC972C7BDAF0005FC448 /* ButtonBackTopAppBar.swift */; };
		817EFC9C2C7BE963005FC448 /* DetailsPlaceShared.swift in Sources */ = {isa = PBXBuildFile; fileRef = 817EFC9B2C7BE963005FC448 /* DetailsPlaceShared.swift */; };
		8180646D2C6435A200C0908E /* LoadingState.swift in Sources */ = {isa = PBXBuildFile; fileRef = 8180646C2C6435A200C0908E /* LoadingState.swift */; };
		81819C4E2C7D461C005D5E87 /* ProfileState.swift in Sources */ = {isa = PBXBuildFile; fileRef = 81819C4D2C7D461C005D5E87 /* ProfileState.swift */; };
		81A9391A2C7657740081F298 /* ResearchState.swift in Sources */ = {isa = PBXBuildFile; fileRef = 81A939192C7657740081F298 /* ResearchState.swift */; };
		81A9391C2C765B0B0081F298 /* LocationEnvironment.swift in Sources */ = {isa = PBXBuildFile; fileRef = 81A9391B2C765B0B0081F298 /* LocationEnvironment.swift */; };
		81A9391E2C765EFA0081F298 /* RedactShimmerViewModifier.swift in Sources */ = {isa = PBXBuildFile; fileRef = 81A9391D2C765EFA0081F298 /* RedactShimmerViewModifier.swift */; };
		81A939202C765F1A0081F298 /* Shimmer.swift in Sources */ = {isa = PBXBuildFile; fileRef = 81A9391F2C765F1A0081F298 /* Shimmer.swift */; };
		81A939222C76629C0081F298 /* RowItemShimmer.swift in Sources */ = {isa = PBXBuildFile; fileRef = 81A939212C76629C0081F298 /* RowItemShimmer.swift */; };
		81A939282C76C0A10081F298 /* CustomListContent.swift in Sources */ = {isa = PBXBuildFile; fileRef = 81A939272C76C0A10081F298 /* CustomListContent.swift */; };
		81ABCF652C74B95F00C0E9B7 /* RowItemPlace.swift in Sources */ = {isa = PBXBuildFile; fileRef = 81ABCF642C74B95F00C0E9B7 /* RowItemPlace.swift */; };
		81B7AF6A2C7F8CB800FE1176 /* ConfirmCodeScreen.swift in Sources */ = {isa = PBXBuildFile; fileRef = 81B7AF692C7F8CB800FE1176 /* ConfirmCodeScreen.swift */; };
		81B7AF6E2C7F9E8B00FE1176 /* ToastUI in Frameworks */ = {isa = PBXBuildFile; productRef = 81B7AF6D2C7F9E8B00FE1176 /* ToastUI */; };
		81B7AF732C7FB17700FE1176 /* CompletedRegisterUserScreen.swift in Sources */ = {isa = PBXBuildFile; fileRef = 81B7AF722C7FB17700FE1176 /* CompletedRegisterUserScreen.swift */; };
		81B7AF752C7FB20E00FE1176 /* NavigationGraph.swift in Sources */ = {isa = PBXBuildFile; fileRef = 81B7AF742C7FB20E00FE1176 /* NavigationGraph.swift */; };
		81C046122C5EB7E70072EFD4 /* Loading.swift in Sources */ = {isa = PBXBuildFile; fileRef = 81C046112C5EB7E70072EFD4 /* Loading.swift */; };
		81C046152C5EF9510072EFD4 /* ContentAlignCenter.swift in Sources */ = {isa = PBXBuildFile; fileRef = 81C046142C5EF9510072EFD4 /* ContentAlignCenter.swift */; };
		81CD62F32C6D7A3800413CE9 /* MapboxMaps in Frameworks */ = {isa = PBXBuildFile; productRef = 81CD62F22C6D7A3800413CE9 /* MapboxMaps */; };
		81CD62F52C6D853B00413CE9 /* WrapperIdentifiblePhotosPlaces.swift in Sources */ = {isa = PBXBuildFile; fileRef = 81CD62F42C6D853B00413CE9 /* WrapperIdentifiblePhotosPlaces.swift */; };
		81CE82E72C807BD500BB7151 /* GraphManager.swift in Sources */ = {isa = PBXBuildFile; fileRef = 81CE82E62C807BD500BB7151 /* GraphManager.swift */; };
		81ED9BE32C695B2D004BF053 /* NearbyInterestsState.swift in Sources */ = {isa = PBXBuildFile; fileRef = 81ED9BE22C695B2D004BF053 /* NearbyInterestsState.swift */; };
		81ED9BE62C699B7B004BF053 /* PlaceAnnotation.swift in Sources */ = {isa = PBXBuildFile; fileRef = 81ED9BE52C699B7B004BF053 /* PlaceAnnotation.swift */; };
		81F1F4642C666ED000511205 /* LocationManager.swift in Sources */ = {isa = PBXBuildFile; fileRef = 81F1F4632C666ED000511205 /* LocationManager.swift */; };
		81FE464D2C5D160300FCE904 /* ColorsApp.swift in Sources */ = {isa = PBXBuildFile; fileRef = 81FE464C2C5D160300FCE904 /* ColorsApp.swift */; };
		81FE46592C5D1A4100FCE904 /* KulimPark-ExtraLightItalic.ttf in Resources */ = {isa = PBXBuildFile; fileRef = 81FE464F2C5D1A4000FCE904 /* KulimPark-ExtraLightItalic.ttf */; };
		81FE465A2C5D1A4100FCE904 /* KulimPark-BoldItalic.ttf in Resources */ = {isa = PBXBuildFile; fileRef = 81FE46502C5D1A4000FCE904 /* KulimPark-BoldItalic.ttf */; };
		81FE465B2C5D1A4100FCE904 /* KulimPark-LightItalic.ttf in Resources */ = {isa = PBXBuildFile; fileRef = 81FE46512C5D1A4000FCE904 /* KulimPark-LightItalic.ttf */; };
		81FE465C2C5D1A4100FCE904 /* KulimPark-Italic.ttf in Resources */ = {isa = PBXBuildFile; fileRef = 81FE46522C5D1A4000FCE904 /* KulimPark-Italic.ttf */; };
		81FE465D2C5D1A4100FCE904 /* KulimPark-Light.ttf in Resources */ = {isa = PBXBuildFile; fileRef = 81FE46532C5D1A4000FCE904 /* KulimPark-Light.ttf */; };
		81FE465E2C5D1A4100FCE904 /* KulimPark-Bold.ttf in Resources */ = {isa = PBXBuildFile; fileRef = 81FE46542C5D1A4000FCE904 /* KulimPark-Bold.ttf */; };
		81FE465F2C5D1A4100FCE904 /* KulimPark-ExtraLight.ttf in Resources */ = {isa = PBXBuildFile; fileRef = 81FE46552C5D1A4100FCE904 /* KulimPark-ExtraLight.ttf */; };
		81FE46602C5D1A4100FCE904 /* KulimPark-SemiBold.ttf in Resources */ = {isa = PBXBuildFile; fileRef = 81FE46562C5D1A4100FCE904 /* KulimPark-SemiBold.ttf */; };
		81FE46612C5D1A4100FCE904 /* KulimPark-SemiBoldItalic.ttf in Resources */ = {isa = PBXBuildFile; fileRef = 81FE46572C5D1A4100FCE904 /* KulimPark-SemiBoldItalic.ttf */; };
		81FE46622C5D1A4100FCE904 /* KulimPark-Regular.ttf in Resources */ = {isa = PBXBuildFile; fileRef = 81FE46582C5D1A4100FCE904 /* KulimPark-Regular.ttf */; };
		81FE46642C5D1A5D00FCE904 /* FontsApp.swift in Sources */ = {isa = PBXBuildFile; fileRef = 81FE46632C5D1A5D00FCE904 /* FontsApp.swift */; };
/* End PBXBuildFile section */

/* Begin PBXCopyFilesBuildPhase section */
		7555FFB4242A642300829871 /* Embed Frameworks */ = {
			isa = PBXCopyFilesBuildPhase;
			buildActionMask = 2147483647;
			dstPath = "";
			dstSubfolderSpec = 10;
			files = (
			);
			name = "Embed Frameworks";
			runOnlyForDeploymentPostprocessing = 0;
		};
/* End PBXCopyFilesBuildPhase section */

/* Begin PBXFileReference section */
		058557BA273AAA24004C7B11 /* Assets.xcassets */ = {isa = PBXFileReference; lastKnownFileType = folder.assetcatalog; path = Assets.xcassets; sourceTree = "<group>"; };
		058557D8273AAEEB004C7B11 /* Preview Assets.xcassets */ = {isa = PBXFileReference; lastKnownFileType = folder.assetcatalog; path = "Preview Assets.xcassets"; sourceTree = "<group>"; };
		2152FB032600AC8F00CF470E /* iOSApp.swift */ = {isa = PBXFileReference; lastKnownFileType = sourcecode.swift; path = iOSApp.swift; sourceTree = "<group>"; };
		7555FF7B242A565900829871 /* iosAppYourInterests.app */ = {isa = PBXFileReference; explicitFileType = wrapper.application; includeInIndex = 0; path = iosAppYourInterests.app; sourceTree = BUILT_PRODUCTS_DIR; };
		7555FF8C242A565B00829871 /* Info.plist */ = {isa = PBXFileReference; lastKnownFileType = text.plist.xml; path = Info.plist; sourceTree = "<group>"; };
		8123FBB42C7120B0000A8761 /* NavigationRouteScreen.swift */ = {isa = PBXFileReference; lastKnownFileType = sourcecode.swift; path = NavigationRouteScreen.swift; sourceTree = "<group>"; };
		81263DC02C701C8300CE92D8 /* CustomViewportDataSource.swift */ = {isa = PBXFileReference; lastKnownFileType = sourcecode.swift; path = CustomViewportDataSource.swift; sourceTree = "<group>"; };
		81263DC32C70259F00CE92D8 /* NavigationViewController.swift */ = {isa = PBXFileReference; lastKnownFileType = sourcecode.swift; path = NavigationViewController.swift; sourceTree = "<group>"; };
		81263DC52C70262800CE92D8 /* CustoCameraStateTransition.swift */ = {isa = PBXFileReference; lastKnownFileType = sourcecode.swift; path = CustoCameraStateTransition.swift; sourceTree = "<group>"; };
		81263DC82C7033A800CE92D8 /* UiColor.swift */ = {isa = PBXFileReference; lastKnownFileType = sourcecode.swift; path = UiColor.swift; sourceTree = "<group>"; };
		81263DCA2C7036AA00CE92D8 /* CustomStandardStyle.swift */ = {isa = PBXFileReference; lastKnownFileType = sourcecode.swift; path = CustomStandardStyle.swift; sourceTree = "<group>"; };
		81511B962C6A337500E67BF0 /* CustomAsyncImage.swift */ = {isa = PBXFileReference; lastKnownFileType = sourcecode.swift; path = CustomAsyncImage.swift; sourceTree = "<group>"; };
		8153C8252C6E7CD900BDC64E /* NavigationMapController.swift */ = {isa = PBXFileReference; lastKnownFileType = sourcecode.swift; path = NavigationMapController.swift; sourceTree = "<group>"; };
		815611D12C739A0300AFB1CE /* MaganagerTabEnvironment.swift */ = {isa = PBXFileReference; lastKnownFileType = sourcecode.swift; path = MaganagerTabEnvironment.swift; sourceTree = "<group>"; };
		815FD5BD2C7E3EDB009B005E /* SingUpScreen.swift */ = {isa = PBXFileReference; lastKnownFileType = sourcecode.swift; path = SingUpScreen.swift; sourceTree = "<group>"; };
		815FD5BF2C7E3EEC009B005E /* SingUpState.swift */ = {isa = PBXFileReference; lastKnownFileType = sourcecode.swift; path = SingUpState.swift; sourceTree = "<group>"; };
		816AE01B2C5D648D00ECF775 /* FontWithLineHeight.swift */ = {isa = PBXFileReference; lastKnownFileType = sourcecode.swift; path = FontWithLineHeight.swift; sourceTree = "<group>"; };
		816AE01E2C5DAFF300ECF775 /* PinAnnotation.swift */ = {isa = PBXFileReference; lastKnownFileType = sourcecode.swift; path = PinAnnotation.swift; sourceTree = "<group>"; };
		816FD64F2C5BC50300232E27 /* TabCustomView.swift */ = {isa = PBXFileReference; lastKnownFileType = sourcecode.swift; path = TabCustomView.swift; sourceTree = "<group>"; };
		816FD6522C5BC55C00232E27 /* StateNavigationTabView.swift */ = {isa = PBXFileReference; lastKnownFileType = sourcecode.swift; path = StateNavigationTabView.swift; sourceTree = "<group>"; };
		816FD6572C5BC7E100232E27 /* ProfileScreen.swift */ = {isa = PBXFileReference; lastKnownFileType = sourcecode.swift; path = ProfileScreen.swift; sourceTree = "<group>"; };
		816FD6592C5BC7F300232E27 /* ResearchScreen.swift */ = {isa = PBXFileReference; lastKnownFileType = sourcecode.swift; path = ResearchScreen.swift; sourceTree = "<group>"; };
		816FD65B2C5BC7FC00232E27 /* NearbyInterestScreen.swift */ = {isa = PBXFileReference; lastKnownFileType = sourcecode.swift; path = NearbyInterestScreen.swift; sourceTree = "<group>"; };
		817EFC922C7B97B4005FC448 /* DetailsPlaceScreen.swift */ = {isa = PBXFileReference; lastKnownFileType = sourcecode.swift; path = DetailsPlaceScreen.swift; sourceTree = "<group>"; };
		817EFC952C7B9E27005FC448 /* InformationItem.swift */ = {isa = PBXFileReference; lastKnownFileType = sourcecode.swift; path = InformationItem.swift; sourceTree = "<group>"; };
		817EFC972C7BDAF0005FC448 /* ButtonBackTopAppBar.swift */ = {isa = PBXFileReference; lastKnownFileType = sourcecode.swift; path = ButtonBackTopAppBar.swift; sourceTree = "<group>"; };
		817EFC9B2C7BE963005FC448 /* DetailsPlaceShared.swift */ = {isa = PBXFileReference; lastKnownFileType = sourcecode.swift; path = DetailsPlaceShared.swift; sourceTree = "<group>"; };
		8180646C2C6435A200C0908E /* LoadingState.swift */ = {isa = PBXFileReference; lastKnownFileType = sourcecode.swift; path = LoadingState.swift; sourceTree = "<group>"; };
		81819C4D2C7D461C005D5E87 /* ProfileState.swift */ = {isa = PBXFileReference; lastKnownFileType = sourcecode.swift; path = ProfileState.swift; sourceTree = "<group>"; };
		81A939192C7657740081F298 /* ResearchState.swift */ = {isa = PBXFileReference; lastKnownFileType = sourcecode.swift; path = ResearchState.swift; sourceTree = "<group>"; };
		81A9391B2C765B0B0081F298 /* LocationEnvironment.swift */ = {isa = PBXFileReference; lastKnownFileType = sourcecode.swift; path = LocationEnvironment.swift; sourceTree = "<group>"; };
		81A9391D2C765EFA0081F298 /* RedactShimmerViewModifier.swift */ = {isa = PBXFileReference; lastKnownFileType = sourcecode.swift; path = RedactShimmerViewModifier.swift; sourceTree = "<group>"; };
		81A9391F2C765F1A0081F298 /* Shimmer.swift */ = {isa = PBXFileReference; lastKnownFileType = sourcecode.swift; path = Shimmer.swift; sourceTree = "<group>"; };
		81A939212C76629C0081F298 /* RowItemShimmer.swift */ = {isa = PBXFileReference; lastKnownFileType = sourcecode.swift; path = RowItemShimmer.swift; sourceTree = "<group>"; };
		81A939272C76C0A10081F298 /* CustomListContent.swift */ = {isa = PBXFileReference; lastKnownFileType = sourcecode.swift; path = CustomListContent.swift; sourceTree = "<group>"; };
		81ABCF642C74B95F00C0E9B7 /* RowItemPlace.swift */ = {isa = PBXFileReference; lastKnownFileType = sourcecode.swift; path = RowItemPlace.swift; sourceTree = "<group>"; };
		81B7AF692C7F8CB800FE1176 /* ConfirmCodeScreen.swift */ = {isa = PBXFileReference; lastKnownFileType = sourcecode.swift; path = ConfirmCodeScreen.swift; sourceTree = "<group>"; };
		81B7AF722C7FB17700FE1176 /* CompletedRegisterUserScreen.swift */ = {isa = PBXFileReference; lastKnownFileType = sourcecode.swift; path = CompletedRegisterUserScreen.swift; sourceTree = "<group>"; };
		81B7AF742C7FB20E00FE1176 /* NavigationGraph.swift */ = {isa = PBXFileReference; lastKnownFileType = sourcecode.swift; path = NavigationGraph.swift; sourceTree = "<group>"; };
		81C046112C5EB7E70072EFD4 /* Loading.swift */ = {isa = PBXFileReference; lastKnownFileType = sourcecode.swift; path = Loading.swift; sourceTree = "<group>"; };
		81C046142C5EF9510072EFD4 /* ContentAlignCenter.swift */ = {isa = PBXFileReference; lastKnownFileType = sourcecode.swift; path = ContentAlignCenter.swift; sourceTree = "<group>"; };
		81CD62F42C6D853B00413CE9 /* WrapperIdentifiblePhotosPlaces.swift */ = {isa = PBXFileReference; lastKnownFileType = sourcecode.swift; path = WrapperIdentifiblePhotosPlaces.swift; sourceTree = "<group>"; };
		81CE82E62C807BD500BB7151 /* GraphManager.swift */ = {isa = PBXFileReference; lastKnownFileType = sourcecode.swift; path = GraphManager.swift; sourceTree = "<group>"; };
		81ED9BE22C695B2D004BF053 /* NearbyInterestsState.swift */ = {isa = PBXFileReference; lastKnownFileType = sourcecode.swift; path = NearbyInterestsState.swift; sourceTree = "<group>"; };
		81ED9BE52C699B7B004BF053 /* PlaceAnnotation.swift */ = {isa = PBXFileReference; lastKnownFileType = sourcecode.swift; path = PlaceAnnotation.swift; sourceTree = "<group>"; };
		81F1F4632C666ED000511205 /* LocationManager.swift */ = {isa = PBXFileReference; lastKnownFileType = sourcecode.swift; path = LocationManager.swift; sourceTree = "<group>"; };
		81FE464C2C5D160300FCE904 /* ColorsApp.swift */ = {isa = PBXFileReference; lastKnownFileType = sourcecode.swift; path = ColorsApp.swift; sourceTree = "<group>"; };
		81FE464F2C5D1A4000FCE904 /* KulimPark-ExtraLightItalic.ttf */ = {isa = PBXFileReference; lastKnownFileType = file; path = "KulimPark-ExtraLightItalic.ttf"; sourceTree = "<group>"; };
		81FE46502C5D1A4000FCE904 /* KulimPark-BoldItalic.ttf */ = {isa = PBXFileReference; lastKnownFileType = file; path = "KulimPark-BoldItalic.ttf"; sourceTree = "<group>"; };
		81FE46512C5D1A4000FCE904 /* KulimPark-LightItalic.ttf */ = {isa = PBXFileReference; lastKnownFileType = file; path = "KulimPark-LightItalic.ttf"; sourceTree = "<group>"; };
		81FE46522C5D1A4000FCE904 /* KulimPark-Italic.ttf */ = {isa = PBXFileReference; lastKnownFileType = file; path = "KulimPark-Italic.ttf"; sourceTree = "<group>"; };
		81FE46532C5D1A4000FCE904 /* KulimPark-Light.ttf */ = {isa = PBXFileReference; lastKnownFileType = file; path = "KulimPark-Light.ttf"; sourceTree = "<group>"; };
		81FE46542C5D1A4000FCE904 /* KulimPark-Bold.ttf */ = {isa = PBXFileReference; lastKnownFileType = file; path = "KulimPark-Bold.ttf"; sourceTree = "<group>"; };
		81FE46552C5D1A4100FCE904 /* KulimPark-ExtraLight.ttf */ = {isa = PBXFileReference; lastKnownFileType = file; path = "KulimPark-ExtraLight.ttf"; sourceTree = "<group>"; };
		81FE46562C5D1A4100FCE904 /* KulimPark-SemiBold.ttf */ = {isa = PBXFileReference; lastKnownFileType = file; path = "KulimPark-SemiBold.ttf"; sourceTree = "<group>"; };
		81FE46572C5D1A4100FCE904 /* KulimPark-SemiBoldItalic.ttf */ = {isa = PBXFileReference; lastKnownFileType = file; path = "KulimPark-SemiBoldItalic.ttf"; sourceTree = "<group>"; };
		81FE46582C5D1A4100FCE904 /* KulimPark-Regular.ttf */ = {isa = PBXFileReference; lastKnownFileType = file; path = "KulimPark-Regular.ttf"; sourceTree = "<group>"; };
		81FE46632C5D1A5D00FCE904 /* FontsApp.swift */ = {isa = PBXFileReference; lastKnownFileType = sourcecode.swift; path = FontsApp.swift; sourceTree = "<group>"; };
/* End PBXFileReference section */

/* Begin PBXFrameworksBuildPhase section */
		7555FF78242A565900829871 /* Frameworks */ = {
			isa = PBXFrameworksBuildPhase;
			buildActionMask = 2147483647;
			files = (
				8153C82B2C6E8ECC00BDC64E /* MapboxNavigationUIKit in Frameworks */,
				8153C82D2C6E8ECC00BDC64E /* mapbox-directions-swift in Frameworks */,
				8153C8292C6E8ECC00BDC64E /* MapboxNavigationCore in Frameworks */,
				81B7AF6E2C7F9E8B00FE1176 /* ToastUI in Frameworks */,
				81CD62F32C6D7A3800413CE9 /* MapboxMaps in Frameworks */,
			);
			runOnlyForDeploymentPostprocessing = 0;
		};
/* End PBXFrameworksBuildPhase section */

/* Begin PBXGroup section */
		058557D7273AAEEB004C7B11 /* Preview Content */ = {
			isa = PBXGroup;
			children = (
				058557D8273AAEEB004C7B11 /* Preview Assets.xcassets */,
			);
			path = "Preview Content";
			sourceTree = "<group>";
		};
		7555FF72242A565900829871 = {
			isa = PBXGroup;
			children = (
				7555FF7D242A565900829871 /* iosAppYourInterests */,
				7555FF7C242A565900829871 /* Products */,
				7555FFB0242A642200829871 /* Frameworks */,
			);
			sourceTree = "<group>";
		};
		7555FF7C242A565900829871 /* Products */ = {
			isa = PBXGroup;
			children = (
				7555FF7B242A565900829871 /* iosAppYourInterests.app */,
			);
			name = Products;
			sourceTree = "<group>";
		};
		7555FF7D242A565900829871 /* iosAppYourInterests */ = {
			isa = PBXGroup;
			children = (
				81263DC72C70339900CE92D8 /* Extensions */,
				8153C8242C6E7CC700BDC64E /* Representable */,
				816FD65D2C5BC86700232E27 /* Utils */,
				816AE01A2C5D647500ECF775 /* Modifiers */,
				81FE464B2C5D156600FCE904 /* Theme */,
				816FD64E2C5BC46700232E27 /* Ui */,
				058557BA273AAA24004C7B11 /* Assets.xcassets */,
				7555FF8C242A565B00829871 /* Info.plist */,
				2152FB032600AC8F00CF470E /* iOSApp.swift */,
				058557D7273AAEEB004C7B11 /* Preview Content */,
			);
			path = iosAppYourInterests;
			sourceTree = "<group>";
		};
		7555FFB0242A642200829871 /* Frameworks */ = {
			isa = PBXGroup;
			children = (
			);
			name = Frameworks;
			sourceTree = "<group>";
		};
		8123FBB32C711F84000A8761 /* NavigationRoute */ = {
			isa = PBXGroup;
			children = (
				8123FBB42C7120B0000A8761 /* NavigationRouteScreen.swift */,
			);
			path = NavigationRoute;
			sourceTree = "<group>";
		};
		81263DC22C70256000CE92D8 /* NavigationMapbox */ = {
			isa = PBXGroup;
			children = (
				81263DC02C701C8300CE92D8 /* CustomViewportDataSource.swift */,
				8153C8252C6E7CD900BDC64E /* NavigationMapController.swift */,
				81263DC32C70259F00CE92D8 /* NavigationViewController.swift */,
				81263DC52C70262800CE92D8 /* CustoCameraStateTransition.swift */,
				81263DCA2C7036AA00CE92D8 /* CustomStandardStyle.swift */,
			);
			path = NavigationMapbox;
			sourceTree = "<group>";
		};
		81263DC72C70339900CE92D8 /* Extensions */ = {
			isa = PBXGroup;
			children = (
				81263DC82C7033A800CE92D8 /* UiColor.swift */,
			);
			path = Extensions;
			sourceTree = "<group>";
		};
		8153C8242C6E7CC700BDC64E /* Representable */ = {
			isa = PBXGroup;
			children = (
				81263DC22C70256000CE92D8 /* NavigationMapbox */,
			);
			path = Representable;
			sourceTree = "<group>";
		};
		815FD5BC2C7E3EA9009B005E /* SingUp */ = {
			isa = PBXGroup;
			children = (
				815FD5BD2C7E3EDB009B005E /* SingUpScreen.swift */,
				815FD5BF2C7E3EEC009B005E /* SingUpState.swift */,
			);
			path = SingUp;
			sourceTree = "<group>";
		};
		816AE01A2C5D647500ECF775 /* Modifiers */ = {
			isa = PBXGroup;
			children = (
				816AE01B2C5D648D00ECF775 /* FontWithLineHeight.swift */,
				81C046142C5EF9510072EFD4 /* ContentAlignCenter.swift */,
				81A9391D2C765EFA0081F298 /* RedactShimmerViewModifier.swift */,
				81A9391F2C765F1A0081F298 /* Shimmer.swift */,
			);
			path = Modifiers;
			sourceTree = "<group>";
		};
		816AE01D2C5DAFD800ECF775 /* View */ = {
			isa = PBXGroup;
			children = (
				816AE01E2C5DAFF300ECF775 /* PinAnnotation.swift */,
				81ED9BE52C699B7B004BF053 /* PlaceAnnotation.swift */,
			);
			path = View;
			sourceTree = "<group>";
		};
		816FD64E2C5BC46700232E27 /* Ui */ = {
			isa = PBXGroup;
			children = (
				81CD62EB2C6D302400413CE9 /* Screens */,
				81C046132C5EB7EF0072EFD4 /* View */,
				816FD6512C5BC52C00232E27 /* TabCustomView */,
			);
			path = Ui;
			sourceTree = "<group>";
		};
		816FD6512C5BC52C00232E27 /* TabCustomView */ = {
			isa = PBXGroup;
			children = (
				816FD64F2C5BC50300232E27 /* TabCustomView.swift */,
			);
			path = TabCustomView;
			sourceTree = "<group>";
		};
		816FD6542C5BC6E600232E27 /* NearbyIInterests */ = {
			isa = PBXGroup;
			children = (
				816AE01D2C5DAFD800ECF775 /* View */,
				816FD65B2C5BC7FC00232E27 /* NearbyInterestScreen.swift */,
				81ED9BE22C695B2D004BF053 /* NearbyInterestsState.swift */,
			);
			path = NearbyIInterests;
			sourceTree = "<group>";
		};
		816FD6552C5BC6FE00232E27 /* ResearchScreen */ = {
			isa = PBXGroup;
			children = (
				81ABCF632C74B94500C0E9B7 /* View */,
				816FD6592C5BC7F300232E27 /* ResearchScreen.swift */,
				81A939192C7657740081F298 /* ResearchState.swift */,
			);
			path = ResearchScreen;
			sourceTree = "<group>";
		};
		816FD6562C5BC72E00232E27 /* ProfileScreen */ = {
			isa = PBXGroup;
			children = (
				816FD6572C5BC7E100232E27 /* ProfileScreen.swift */,
				81819C4D2C7D461C005D5E87 /* ProfileState.swift */,
			);
			path = ProfileScreen;
			sourceTree = "<group>";
		};
		816FD65D2C5BC86700232E27 /* Utils */ = {
			isa = PBXGroup;
			children = (
				816FD6522C5BC55C00232E27 /* StateNavigationTabView.swift */,
				8180646C2C6435A200C0908E /* LoadingState.swift */,
				81F1F4632C666ED000511205 /* LocationManager.swift */,
				81CD62F42C6D853B00413CE9 /* WrapperIdentifiblePhotosPlaces.swift */,
				815611D12C739A0300AFB1CE /* MaganagerTabEnvironment.swift */,
				81A9391B2C765B0B0081F298 /* LocationEnvironment.swift */,
				81B7AF742C7FB20E00FE1176 /* NavigationGraph.swift */,
			);
			path = Utils;
			sourceTree = "<group>";
		};
		817EFC912C7B978D005FC448 /* DetailsPlace */ = {
			isa = PBXGroup;
			children = (
				817EFC942C7B9E11005FC448 /* View */,
				817EFC922C7B97B4005FC448 /* DetailsPlaceScreen.swift */,
				817EFC9B2C7BE963005FC448 /* DetailsPlaceShared.swift */,
			);
			path = DetailsPlace;
			sourceTree = "<group>";
		};
		817EFC942C7B9E11005FC448 /* View */ = {
			isa = PBXGroup;
			children = (
				817EFC952C7B9E27005FC448 /* InformationItem.swift */,
			);
			path = View;
			sourceTree = "<group>";
		};
		81ABCF632C74B94500C0E9B7 /* View */ = {
			isa = PBXGroup;
			children = (
				81ABCF642C74B95F00C0E9B7 /* RowItemPlace.swift */,
				81A939212C76629C0081F298 /* RowItemShimmer.swift */,
				81A939272C76C0A10081F298 /* CustomListContent.swift */,
			);
			path = View;
			sourceTree = "<group>";
		};
		81B7AF6B2C7F8CBC00FE1176 /* ConfirmCode */ = {
			isa = PBXGroup;
			children = (
				81B7AF692C7F8CB800FE1176 /* ConfirmCodeScreen.swift */,
			);
			path = ConfirmCode;
			sourceTree = "<group>";
		};
		81B7AF712C7FB12300FE1176 /* CompletedRegisterUser */ = {
			isa = PBXGroup;
			children = (
				81B7AF722C7FB17700FE1176 /* CompletedRegisterUserScreen.swift */,
			);
			path = CompletedRegisterUser;
			sourceTree = "<group>";
		};
		81C046132C5EB7EF0072EFD4 /* View */ = {
			isa = PBXGroup;
			children = (
				81C046112C5EB7E70072EFD4 /* Loading.swift */,
				81511B962C6A337500E67BF0 /* CustomAsyncImage.swift */,
				817EFC972C7BDAF0005FC448 /* ButtonBackTopAppBar.swift */,
				81CE82E62C807BD500BB7151 /* GraphManager.swift */,
			);
			path = View;
			sourceTree = "<group>";
		};
		81CD62EB2C6D302400413CE9 /* Screens */ = {
			isa = PBXGroup;
			children = (
				81B7AF712C7FB12300FE1176 /* CompletedRegisterUser */,
				81B7AF6B2C7F8CBC00FE1176 /* ConfirmCode */,
				815FD5BC2C7E3EA9009B005E /* SingUp */,
				817EFC912C7B978D005FC448 /* DetailsPlace */,
				8123FBB32C711F84000A8761 /* NavigationRoute */,
				816FD6542C5BC6E600232E27 /* NearbyIInterests */,
				816FD6552C5BC6FE00232E27 /* ResearchScreen */,
				816FD6562C5BC72E00232E27 /* ProfileScreen */,
			);
			path = Screens;
			sourceTree = "<group>";
		};
		81FE464B2C5D156600FCE904 /* Theme */ = {
			isa = PBXGroup;
			children = (
				81FE46652C5D1EE800FCE904 /* Fonts */,
				81FE464C2C5D160300FCE904 /* ColorsApp.swift */,
				81FE46632C5D1A5D00FCE904 /* FontsApp.swift */,
			);
			path = Theme;
			sourceTree = "<group>";
		};
		81FE46652C5D1EE800FCE904 /* Fonts */ = {
			isa = PBXGroup;
			children = (
				81FE46502C5D1A4000FCE904 /* KulimPark-BoldItalic.ttf */,
				81FE46542C5D1A4000FCE904 /* KulimPark-Bold.ttf */,
				81FE46552C5D1A4100FCE904 /* KulimPark-ExtraLight.ttf */,
				81FE464F2C5D1A4000FCE904 /* KulimPark-ExtraLightItalic.ttf */,
				81FE46522C5D1A4000FCE904 /* KulimPark-Italic.ttf */,
				81FE46532C5D1A4000FCE904 /* KulimPark-Light.ttf */,
				81FE46512C5D1A4000FCE904 /* KulimPark-LightItalic.ttf */,
				81FE46582C5D1A4100FCE904 /* KulimPark-Regular.ttf */,
				81FE46562C5D1A4100FCE904 /* KulimPark-SemiBold.ttf */,
				81FE46572C5D1A4100FCE904 /* KulimPark-SemiBoldItalic.ttf */,
			);
			path = Fonts;
			sourceTree = "<group>";
		};
/* End PBXGroup section */

/* Begin PBXNativeTarget section */
		7555FF7A242A565900829871 /* iosAppYourInterests */ = {
			isa = PBXNativeTarget;
			buildConfigurationList = 7555FFA5242A565B00829871 /* Build configuration list for PBXNativeTarget "iosAppYourInterests" */;
			buildPhases = (
				7555FFB5242A651A00829871 /* ShellScript */,
				7555FF77242A565900829871 /* Sources */,
				7555FF78242A565900829871 /* Frameworks */,
				7555FF79242A565900829871 /* Resources */,
				7555FFB4242A642300829871 /* Embed Frameworks */,
			);
			buildRules = (
			);
			dependencies = (
			);
			name = iosAppYourInterests;
			packageProductDependencies = (
				81CD62F22C6D7A3800413CE9 /* MapboxMaps */,
				8153C8282C6E8ECC00BDC64E /* MapboxNavigationCore */,
				8153C82A2C6E8ECC00BDC64E /* MapboxNavigationUIKit */,
				8153C82C2C6E8ECC00BDC64E /* mapbox-directions-swift */,
				81B7AF6D2C7F9E8B00FE1176 /* ToastUI */,
			);
			productName = iosAppYourInterests;
			productReference = 7555FF7B242A565900829871 /* iosAppYourInterests.app */;
			productType = "com.apple.product-type.application";
		};
/* End PBXNativeTarget section */

/* Begin PBXProject section */
		7555FF73242A565900829871 /* Project object */ = {
			isa = PBXProject;
			attributes = {
				LastSwiftUpdateCheck = 1130;
				LastUpgradeCheck = 1130;
				ORGANIZATIONNAME = orgName;
				TargetAttributes = {
					7555FF7A242A565900829871 = {
						CreatedOnToolsVersion = 11.3.1;
					};
				};
			};
			buildConfigurationList = 7555FF76242A565900829871 /* Build configuration list for PBXProject "iosAppYourInterests" */;
			compatibilityVersion = "Xcode 9.3";
			developmentRegion = en;
			hasScannedForEncodings = 0;
			knownRegions = (
				en,
				Base,
			);
			mainGroup = 7555FF72242A565900829871;
			packageReferences = (
				81CD62F12C6D7A3800413CE9 /* XCRemoteSwiftPackageReference "mapbox-maps-ios" */,
				8153C8272C6E8ECC00BDC64E /* XCRemoteSwiftPackageReference "mapbox-navigation-ios" */,
				81B7AF6C2C7F9E8B00FE1176 /* XCRemoteSwiftPackageReference "ToastUI" */,
			);
			productRefGroup = 7555FF7C242A565900829871 /* Products */;
			projectDirPath = "";
			projectRoot = "";
			targets = (
				7555FF7A242A565900829871 /* iosAppYourInterests */,
			);
		};
/* End PBXProject section */

/* Begin PBXResourcesBuildPhase section */
		7555FF79242A565900829871 /* Resources */ = {
			isa = PBXResourcesBuildPhase;
			buildActionMask = 2147483647;
			files = (
				81FE46612C5D1A4100FCE904 /* KulimPark-SemiBoldItalic.ttf in Resources */,
				81FE465F2C5D1A4100FCE904 /* KulimPark-ExtraLight.ttf in Resources */,
				81FE465A2C5D1A4100FCE904 /* KulimPark-BoldItalic.ttf in Resources */,
				81FE465C2C5D1A4100FCE904 /* KulimPark-Italic.ttf in Resources */,
				81FE46622C5D1A4100FCE904 /* KulimPark-Regular.ttf in Resources */,
				81FE465B2C5D1A4100FCE904 /* KulimPark-LightItalic.ttf in Resources */,
				81FE465D2C5D1A4100FCE904 /* KulimPark-Light.ttf in Resources */,
				81FE465E2C5D1A4100FCE904 /* KulimPark-Bold.ttf in Resources */,
				81FE46602C5D1A4100FCE904 /* KulimPark-SemiBold.ttf in Resources */,
				058557D9273AAEEB004C7B11 /* Preview Assets.xcassets in Resources */,
				81FE46592C5D1A4100FCE904 /* KulimPark-ExtraLightItalic.ttf in Resources */,
				058557BB273AAA24004C7B11 /* Assets.xcassets in Resources */,
			);
			runOnlyForDeploymentPostprocessing = 0;
		};
/* End PBXResourcesBuildPhase section */

/* Begin PBXShellScriptBuildPhase section */
		7555FFB5242A651A00829871 /* ShellScript */ = {
			isa = PBXShellScriptBuildPhase;
			buildActionMask = 2147483647;
			files = (
			);
			inputFileListPaths = (
			);
			inputPaths = (
			);
			outputFileListPaths = (
			);
			outputPaths = (
			);
			runOnlyForDeploymentPostprocessing = 0;
			shellPath = /bin/sh;
			shellScript = "cd \"$SRCROOT/..\"\n./gradlew :shared:embedAndSignAppleFrameworkForXcode\n";
		};
/* End PBXShellScriptBuildPhase section */

/* Begin PBXSourcesBuildPhase section */
		7555FF77242A565900829871 /* Sources */ = {
			isa = PBXSourcesBuildPhase;
			buildActionMask = 2147483647;
			files = (
				81ED9BE62C699B7B004BF053 /* PlaceAnnotation.swift in Sources */,
				817EFC962C7B9E27005FC448 /* InformationItem.swift in Sources */,
				81511B972C6A337500E67BF0 /* CustomAsyncImage.swift in Sources */,
				815FD5BE2C7E3EDB009B005E /* SingUpScreen.swift in Sources */,
				816FD6502C5BC50300232E27 /* TabCustomView.swift in Sources */,
				81263DC12C701C8300CE92D8 /* CustomViewportDataSource.swift in Sources */,
				81A9391E2C765EFA0081F298 /* RedactShimmerViewModifier.swift in Sources */,
				816AE01C2C5D648D00ECF775 /* FontWithLineHeight.swift in Sources */,
				81F1F4642C666ED000511205 /* LocationManager.swift in Sources */,
				8123FBB52C7120B0000A8761 /* NavigationRouteScreen.swift in Sources */,
				81FE464D2C5D160300FCE904 /* ColorsApp.swift in Sources */,
				2152FB042600AC8F00CF470E /* iOSApp.swift in Sources */,
				816FD6532C5BC55C00232E27 /* StateNavigationTabView.swift in Sources */,
				81A939222C76629C0081F298 /* RowItemShimmer.swift in Sources */,
				816AE01F2C5DAFF300ECF775 /* PinAnnotation.swift in Sources */,
				81A939202C765F1A0081F298 /* Shimmer.swift in Sources */,
				816FD65C2C5BC7FC00232E27 /* NearbyInterestScreen.swift in Sources */,
				81263DC42C70259F00CE92D8 /* NavigationViewController.swift in Sources */,
				817EFC932C7B97B4005FC448 /* DetailsPlaceScreen.swift in Sources */,
				81263DC92C7033A800CE92D8 /* UiColor.swift in Sources */,
				81A9391C2C765B0B0081F298 /* LocationEnvironment.swift in Sources */,
				816FD65A2C5BC7F300232E27 /* ResearchScreen.swift in Sources */,
				81ED9BE32C695B2D004BF053 /* NearbyInterestsState.swift in Sources */,
				81B7AF6A2C7F8CB800FE1176 /* ConfirmCodeScreen.swift in Sources */,
				81A939282C76C0A10081F298 /* CustomListContent.swift in Sources */,
				8180646D2C6435A200C0908E /* LoadingState.swift in Sources */,
				81B7AF752C7FB20E00FE1176 /* NavigationGraph.swift in Sources */,
				81B7AF732C7FB17700FE1176 /* CompletedRegisterUserScreen.swift in Sources */,
				815611D22C739A0300AFB1CE /* MaganagerTabEnvironment.swift in Sources */,
				81FE46642C5D1A5D00FCE904 /* FontsApp.swift in Sources */,
				817EFC982C7BDAF0005FC448 /* ButtonBackTopAppBar.swift in Sources */,
				81CD62F52C6D853B00413CE9 /* WrapperIdentifiblePhotosPlaces.swift in Sources */,
				81263DC62C70262800CE92D8 /* CustoCameraStateTransition.swift in Sources */,
				81819C4E2C7D461C005D5E87 /* ProfileState.swift in Sources */,
				81CE82E72C807BD500BB7151 /* GraphManager.swift in Sources */,
				817EFC9C2C7BE963005FC448 /* DetailsPlaceShared.swift in Sources */,
				81C046152C5EF9510072EFD4 /* ContentAlignCenter.swift in Sources */,
				81C046122C5EB7E70072EFD4 /* Loading.swift in Sources */,
				8153C8262C6E7CD900BDC64E /* NavigationMapController.swift in Sources */,
				815FD5C02C7E3EEC009B005E /* SingUpState.swift in Sources */,
				81ABCF652C74B95F00C0E9B7 /* RowItemPlace.swift in Sources */,
				81A9391A2C7657740081F298 /* ResearchState.swift in Sources */,
				81263DCB2C7036AA00CE92D8 /* CustomStandardStyle.swift in Sources */,
				816FD6582C5BC7E100232E27 /* ProfileScreen.swift in Sources */,
			);
			runOnlyForDeploymentPostprocessing = 0;
		};
/* End PBXSourcesBuildPhase section */

/* Begin XCBuildConfiguration section */
		7555FFA3242A565B00829871 /* Debug */ = {
			isa = XCBuildConfiguration;
			buildSettings = {
				ALWAYS_SEARCH_USER_PATHS = NO;
				CLANG_ANALYZER_NONNULL = YES;
				CLANG_ANALYZER_NUMBER_OBJECT_CONVERSION = YES_AGGRESSIVE;
				CLANG_CXX_LANGUAGE_STANDARD = "gnu++14";
				CLANG_CXX_LIBRARY = "libc++";
				CLANG_ENABLE_MODULES = YES;
				CLANG_ENABLE_OBJC_ARC = YES;
				CLANG_ENABLE_OBJC_WEAK = YES;
				CLANG_WARN_BLOCK_CAPTURE_AUTORELEASING = YES;
				CLANG_WARN_BOOL_CONVERSION = YES;
				CLANG_WARN_COMMA = YES;
				CLANG_WARN_CONSTANT_CONVERSION = YES;
				CLANG_WARN_DEPRECATED_OBJC_IMPLEMENTATIONS = YES;
				CLANG_WARN_DIRECT_OBJC_ISA_USAGE = YES_ERROR;
				CLANG_WARN_DOCUMENTATION_COMMENTS = YES;
				CLANG_WARN_EMPTY_BODY = YES;
				CLANG_WARN_ENUM_CONVERSION = YES;
				CLANG_WARN_INFINITE_RECURSION = YES;
				CLANG_WARN_INT_CONVERSION = YES;
				CLANG_WARN_NON_LITERAL_NULL_CONVERSION = YES;
				CLANG_WARN_OBJC_IMPLICIT_RETAIN_SELF = YES;
				CLANG_WARN_OBJC_LITERAL_CONVERSION = YES;
				CLANG_WARN_OBJC_ROOT_CLASS = YES_ERROR;
				CLANG_WARN_QUOTED_INCLUDE_IN_FRAMEWORK_HEADER = YES;
				CLANG_WARN_RANGE_LOOP_ANALYSIS = YES;
				CLANG_WARN_STRICT_PROTOTYPES = YES;
				CLANG_WARN_SUSPICIOUS_MOVE = YES;
				CLANG_WARN_UNGUARDED_AVAILABILITY = YES_AGGRESSIVE;
				CLANG_WARN_UNREACHABLE_CODE = YES;
				CLANG_WARN__DUPLICATE_METHOD_MATCH = YES;
				COPY_PHASE_STRIP = NO;
				DEBUG_INFORMATION_FORMAT = "dwarf-with-dsym";
				ENABLE_STRICT_OBJC_MSGSEND = YES;
				ENABLE_TESTABILITY = YES;
				GCC_C_LANGUAGE_STANDARD = gnu11;
				GCC_DYNAMIC_NO_PIC = NO;
				GCC_NO_COMMON_BLOCKS = YES;
				GCC_OPTIMIZATION_LEVEL = 0;
				GCC_PREPROCESSOR_DEFINITIONS = (
					"DEBUG=1",
					"$(inherited)",
				);
				GCC_WARN_64_TO_32_BIT_CONVERSION = YES;
				GCC_WARN_ABOUT_RETURN_TYPE = YES_ERROR;
				GCC_WARN_UNDECLARED_SELECTOR = YES;
				GCC_WARN_UNINITIALIZED_AUTOS = YES_AGGRESSIVE;
				GCC_WARN_UNUSED_FUNCTION = YES;
				GCC_WARN_UNUSED_VARIABLE = YES;
				IPHONEOS_DEPLOYMENT_TARGET = 14.1;
				MTL_ENABLE_DEBUG_INFO = INCLUDE_SOURCE;
				MTL_FAST_MATH = YES;
				ONLY_ACTIVE_ARCH = YES;
				SDKROOT = iphoneos;
				SWIFT_ACTIVE_COMPILATION_CONDITIONS = DEBUG;
				SWIFT_OPTIMIZATION_LEVEL = "-Onone";
			};
			name = Debug;
		};
		7555FFA4242A565B00829871 /* Release */ = {
			isa = XCBuildConfiguration;
			buildSettings = {
				ALWAYS_SEARCH_USER_PATHS = NO;
				CLANG_ANALYZER_NONNULL = YES;
				CLANG_ANALYZER_NUMBER_OBJECT_CONVERSION = YES_AGGRESSIVE;
				CLANG_CXX_LANGUAGE_STANDARD = "gnu++14";
				CLANG_CXX_LIBRARY = "libc++";
				CLANG_ENABLE_MODULES = YES;
				CLANG_ENABLE_OBJC_ARC = YES;
				CLANG_ENABLE_OBJC_WEAK = YES;
				CLANG_WARN_BLOCK_CAPTURE_AUTORELEASING = YES;
				CLANG_WARN_BOOL_CONVERSION = YES;
				CLANG_WARN_COMMA = YES;
				CLANG_WARN_CONSTANT_CONVERSION = YES;
				CLANG_WARN_DEPRECATED_OBJC_IMPLEMENTATIONS = YES;
				CLANG_WARN_DIRECT_OBJC_ISA_USAGE = YES_ERROR;
				CLANG_WARN_DOCUMENTATION_COMMENTS = YES;
				CLANG_WARN_EMPTY_BODY = YES;
				CLANG_WARN_ENUM_CONVERSION = YES;
				CLANG_WARN_INFINITE_RECURSION = YES;
				CLANG_WARN_INT_CONVERSION = YES;
				CLANG_WARN_NON_LITERAL_NULL_CONVERSION = YES;
				CLANG_WARN_OBJC_IMPLICIT_RETAIN_SELF = YES;
				CLANG_WARN_OBJC_LITERAL_CONVERSION = YES;
				CLANG_WARN_OBJC_ROOT_CLASS = YES_ERROR;
				CLANG_WARN_QUOTED_INCLUDE_IN_FRAMEWORK_HEADER = YES;
				CLANG_WARN_RANGE_LOOP_ANALYSIS = YES;
				CLANG_WARN_STRICT_PROTOTYPES = YES;
				CLANG_WARN_SUSPICIOUS_MOVE = YES;
				CLANG_WARN_UNGUARDED_AVAILABILITY = YES_AGGRESSIVE;
				CLANG_WARN_UNREACHABLE_CODE = YES;
				CLANG_WARN__DUPLICATE_METHOD_MATCH = YES;
				COPY_PHASE_STRIP = NO;
				DEBUG_INFORMATION_FORMAT = "dwarf-with-dsym";
				ENABLE_NS_ASSERTIONS = NO;
				ENABLE_STRICT_OBJC_MSGSEND = YES;
				GCC_C_LANGUAGE_STANDARD = gnu11;
				GCC_NO_COMMON_BLOCKS = YES;
				GCC_WARN_64_TO_32_BIT_CONVERSION = YES;
				GCC_WARN_ABOUT_RETURN_TYPE = YES_ERROR;
				GCC_WARN_UNDECLARED_SELECTOR = YES;
				GCC_WARN_UNINITIALIZED_AUTOS = YES_AGGRESSIVE;
				GCC_WARN_UNUSED_FUNCTION = YES;
				GCC_WARN_UNUSED_VARIABLE = YES;
				IPHONEOS_DEPLOYMENT_TARGET = 14.1;
				MTL_ENABLE_DEBUG_INFO = NO;
				MTL_FAST_MATH = YES;
				SDKROOT = iphoneos;
				SWIFT_COMPILATION_MODE = wholemodule;
				SWIFT_OPTIMIZATION_LEVEL = "-O";
				VALIDATE_PRODUCT = YES;
			};
			name = Release;
		};
		7555FFA6242A565B00829871 /* Debug */ = {
			isa = XCBuildConfiguration;
			buildSettings = {
				ASSETCATALOG_COMPILER_APPICON_NAME = AppIcon;
				CODE_SIGN_STYLE = Automatic;
				DEVELOPMENT_ASSET_PATHS = "\"iosAppYourInterests/Preview Content\"";
				DEVELOPMENT_TEAM = 7LW2N5TNNW;
				ENABLE_PREVIEWS = YES;
				FRAMEWORK_SEARCH_PATHS = (
					"$(inherited)",
					"$(SRCROOT)/../shared/build/xcode-frameworks/$(CONFIGURATION)/$(SDK_NAME)",
				);
				INFOPLIST_FILE = iosAppYourInterests/Info.plist;
				IPHONEOS_DEPLOYMENT_TARGET = 16.0;
				LD_RUNPATH_SEARCH_PATHS = (
					"$(inherited)",
					"@executable_path/Frameworks",
				);
				OTHER_LDFLAGS = (
					"$(inherited)",
					"-framework",
					shared,
				);
				PRODUCT_BUNDLE_IDENTIFIER = orgIdentifier.iosAppYourInterests;
				PRODUCT_NAME = "$(TARGET_NAME)";
				SWIFT_VERSION = 5.0;
				TARGETED_DEVICE_FAMILY = "1,2";
			};
			name = Debug;
		};
		7555FFA7242A565B00829871 /* Release */ = {
			isa = XCBuildConfiguration;
			buildSettings = {
				ASSETCATALOG_COMPILER_APPICON_NAME = AppIcon;
				CODE_SIGN_STYLE = Automatic;
				DEVELOPMENT_ASSET_PATHS = "\"iosAppYourInterests/Preview Content\"";
				DEVELOPMENT_TEAM = 7LW2N5TNNW;
				ENABLE_PREVIEWS = YES;
				FRAMEWORK_SEARCH_PATHS = (
					"$(inherited)",
					"$(SRCROOT)/../shared/build/xcode-frameworks/$(CONFIGURATION)/$(SDK_NAME)",
				);
				INFOPLIST_FILE = iosAppYourInterests/Info.plist;
				IPHONEOS_DEPLOYMENT_TARGET = 16.0;
				LD_RUNPATH_SEARCH_PATHS = (
					"$(inherited)",
					"@executable_path/Frameworks",
				);
				OTHER_LDFLAGS = (
					"$(inherited)",
					"-framework",
					shared,
				);
				PRODUCT_BUNDLE_IDENTIFIER = orgIdentifier.iosAppYourInterests;
				PRODUCT_NAME = "$(TARGET_NAME)";
				SWIFT_VERSION = 5.0;
				TARGETED_DEVICE_FAMILY = "1,2";
			};
			name = Release;
		};
/* End XCBuildConfiguration section */

/* Begin XCConfigurationList section */
		7555FF76242A565900829871 /* Build configuration list for PBXProject "iosAppYourInterests" */ = {
			isa = XCConfigurationList;
			buildConfigurations = (
				7555FFA3242A565B00829871 /* Debug */,
				7555FFA4242A565B00829871 /* Release */,
			);
			defaultConfigurationIsVisible = 0;
			defaultConfigurationName = Release;
		};
		7555FFA5242A565B00829871 /* Build configuration list for PBXNativeTarget "iosAppYourInterests" */ = {
			isa = XCConfigurationList;
			buildConfigurations = (
				7555FFA6242A565B00829871 /* Debug */,
				7555FFA7242A565B00829871 /* Release */,
			);
			defaultConfigurationIsVisible = 0;
			defaultConfigurationName = Release;
		};
/* End XCConfigurationList section */

/* Begin XCRemoteSwiftPackageReference section */
		8153C8272C6E8ECC00BDC64E /* XCRemoteSwiftPackageReference "mapbox-navigation-ios" */ = {
			isa = XCRemoteSwiftPackageReference;
			repositoryURL = "https://github.com/mapbox/mapbox-navigation-ios.git";
			requirement = {
				branch = main;
				kind = branch;
			};
		};
		81B7AF6C2C7F9E8B00FE1176 /* XCRemoteSwiftPackageReference "ToastUI" */ = {
			isa = XCRemoteSwiftPackageReference;
			repositoryURL = "https://github.com/quanshousio/ToastUI.git";
			requirement = {
				kind = upToNextMajorVersion;
				minimumVersion = 4.0.0;
			};
		};
		81CD62F12C6D7A3800413CE9 /* XCRemoteSwiftPackageReference "mapbox-maps-ios" */ = {
			isa = XCRemoteSwiftPackageReference;
			repositoryURL = "https://github.com/mapbox/mapbox-maps-ios.git";
			requirement = {
				branch = main;
				kind = branch;
			};
		};
/* End XCRemoteSwiftPackageReference section */

/* Begin XCSwiftPackageProductDependency section */
		8153C8282C6E8ECC00BDC64E /* MapboxNavigationCore */ = {
			isa = XCSwiftPackageProductDependency;
			package = 8153C8272C6E8ECC00BDC64E /* XCRemoteSwiftPackageReference "mapbox-navigation-ios" */;
			productName = MapboxNavigationCore;
		};
		8153C82A2C6E8ECC00BDC64E /* MapboxNavigationUIKit */ = {
			isa = XCSwiftPackageProductDependency;
			package = 8153C8272C6E8ECC00BDC64E /* XCRemoteSwiftPackageReference "mapbox-navigation-ios" */;
			productName = MapboxNavigationUIKit;
		};
		8153C82C2C6E8ECC00BDC64E /* mapbox-directions-swift */ = {
			isa = XCSwiftPackageProductDependency;
			package = 8153C8272C6E8ECC00BDC64E /* XCRemoteSwiftPackageReference "mapbox-navigation-ios" */;
			productName = "mapbox-directions-swift";
		};
		81B7AF6D2C7F9E8B00FE1176 /* ToastUI */ = {
			isa = XCSwiftPackageProductDependency;
			package = 81B7AF6C2C7F9E8B00FE1176 /* XCRemoteSwiftPackageReference "ToastUI" */;
			productName = ToastUI;
		};
		81CD62F22C6D7A3800413CE9 /* MapboxMaps */ = {
			isa = XCSwiftPackageProductDependency;
			package = 81CD62F12C6D7A3800413CE9 /* XCRemoteSwiftPackageReference "mapbox-maps-ios" */;
			productName = MapboxMaps;
		};
/* End XCSwiftPackageProductDependency section */
	};
	rootObject = 7555FF73242A565900829871 /* Project object */;
}
